
Microsoft Visual Studio Solution File, Format Version 12.00
# Visual Studio Version 17
VisualStudioVersion = 17.6.33723.286
MinimumVisualStudioVersion = 10.0.40219.1
Project("{00D1A9C2-B5F0-4AF3-8072-F6C62B433612}") = "UDT_CLR", "UDT_CLR.sqlproj", "{B650D108-327E-485B-B873-ABA6CFD4A6AB}"
EndProject
Global
	GlobalSection(SolutionConfigurationPlatforms) = preSolution
		Debug|Any CPU = Debug|Any CPU
		Release|Any CPU = Release|Any CPU
	EndGlobalSection
	GlobalSection(ProjectConfigurationPlatforms) = postSolution
		{B650D108-327E-485B-B873-ABA6CFD4A6AB}.Debug|Any CPU.ActiveCfg = Debug|Any CPU
		{B650D108-327E-485B-B873-ABA6CFD4A6AB}.Debug|Any CPU.Build.0 = Debug|Any CPU
		{B650D108-327E-485B-B873-ABA6CFD4A6AB}.Debug|Any CPU.Deploy.0 = Debug|Any CPU
		{B650D108-327E-485B-B873-ABA6CFD4A6AB}.Release|Any CPU.ActiveCfg = Release|Any CPU
		{B650D108-327E-485B-B873-ABA6CFD4A6AB}.Release|Any CPU.Build.0 = Release|Any CPU
		{B650D108-327E-485B-B873-ABA6CFD4A6AB}.Release|Any CPU.Deploy.0 = Release|Any CPU
	EndGlobalSection
	GlobalSection(SolutionProperties) = preSolution
		HideSolutionNode = FALSE
	EndGlobalSection
	GlobalSection(ExtensibilityGlobals) = postSolution
		SolutionGuid = {B136EAC4-830B-4833-B532-6C6A6AF2E89E}
	EndGlobalSection
EndGlobal
